version = 1
revision = 3
requires-python = ">=3.13"

[manifest]
members = [
    "ex05-telephone-python",
    "ex06-codes-produits-python",
    "ex07-email-python",
    "ex08-logs-python",
    "expressions-regulieres",
]

[[package]]
name = "ex05-telephone-python"
version = "0.1.0"
source = { virtual = "ex05_telephone_python" }

[[package]]
name = "ex06-codes-produits-python"
version = "0.1.0"
source = { virtual = "ex06_codes_produits_python" }

[[package]]
name = "ex07-email-python"
version = "0.1.0"
source = { virtual = "ex07_email_python" }

[[package]]
name = "ex08-logs-python"
version = "0.1.0"
source = { virtual = "ex08_logs_python" }

[[package]]
name = "expressions-regulieres"
version = "0.1.0"
source = { virtual = "." }
